
Microsoft Visual Studio Solution File, Format Version 12.00
# Visual Studio Version 17
VisualStudioVersion = 17.13.35825.156 d17.13
MinimumVisualStudioVersion = 10.0.40219.1
Project("{FAE04EC0-301F-11D3-BF4B-00C04F79EFBC}") = "EnesAltindalProje", "EnesAltindalProje.csproj", "{DB96B9CF-0B32-46E4-8A56-F4008E677874}"
EndProject
Global
	GlobalSection(SolutionConfigurationPlatforms) = preSolution
		Debug|Any CPU = Debug|Any CPU
		Release|Any CPU = Release|Any CPU
	EndGlobalSection
	GlobalSection(ProjectConfigurationPlatforms) = postSolution
		{DB96B9CF-0B32-46E4-8A56-F4008E677874}.Debug|Any CPU.ActiveCfg = Debug|Any CPU
		{DB96B9CF-0B32-46E4-8A56-F4008E677874}.Debug|Any CPU.Build.0 = Debug|Any CPU
		{DB96B9CF-0B32-46E4-8A56-F4008E677874}.Release|Any CPU.ActiveCfg = Release|Any CPU
		{DB96B9CF-0B32-46E4-8A56-F4008E677874}.Release|Any CPU.Build.0 = Release|Any CPU
	EndGlobalSection
	GlobalSection(SolutionProperties) = preSolution
		HideSolutionNode = FALSE
	EndGlobalSection
	GlobalSection(ExtensibilityGlobals) = postSolution
		SolutionGuid = {B1A26957-E78B-4A91-B545-E183BD0A44F0}
	EndGlobalSection
EndGlobal
